// !$*UTF8*$!
{
	archiveVersion = 1;
	classes = {
	};
	objectVersion = 50;
	objects = {

/* Begin PBXBuildFile section */
		16BAED64290360CBA15C6298 /* Pods_BibleCheckList.framework in Frameworks */ = {isa = PBXBuildFile; fileRef = 102D23F980CB468797CA582F /* Pods_BibleCheckList.framework */; };
		AC0443A421904E64000313EB /* RealmManager.swift in Sources */ = {isa = PBXBuildFile; fileRef = AC0443A321904E64000313EB /* RealmManager.swift */; };
		AC0443A7219113AD000313EB /* UIColor.swift in Sources */ = {isa = PBXBuildFile; fileRef = AC0443A6219113AD000313EB /* UIColor.swift */; };
		AC1E1C2321A3A09300B72AED /* Bible.swift in Sources */ = {isa = PBXBuildFile; fileRef = AC1E1C2221A3A09300B72AED /* Bible.swift */; };
		AC541281223B3E12008A155E /* SettingViewModel.swift in Sources */ = {isa = PBXBuildFile; fileRef = AC541280223B3E12008A155E /* SettingViewModel.swift */; };
		AC541283223B4D6E008A155E /* SettingTitleViewModel.swift in Sources */ = {isa = PBXBuildFile; fileRef = AC541282223B4D6E008A155E /* SettingTitleViewModel.swift */; };
		AC541285223BCC04008A155E /* BooksViewModel.swift in Sources */ = {isa = PBXBuildFile; fileRef = AC541284223BCC04008A155E /* BooksViewModel.swift */; };
		AC541287223BD687008A155E /* BookViewModel.swift in Sources */ = {isa = PBXBuildFile; fileRef = AC541286223BD687008A155E /* BookViewModel.swift */; };
		AC648EA1217CF40D00377686 /* AppDelegate.swift in Sources */ = {isa = PBXBuildFile; fileRef = AC648EA0217CF40D00377686 /* AppDelegate.swift */; };
		AC648EA6217CF40D00377686 /* Main.storyboard in Resources */ = {isa = PBXBuildFile; fileRef = AC648EA4217CF40D00377686 /* Main.storyboard */; };
		AC648EA8217CF41100377686 /* Assets.xcassets in Resources */ = {isa = PBXBuildFile; fileRef = AC648EA7217CF41100377686 /* Assets.xcassets */; };
		AC648EAB217CF41100377686 /* LaunchScreen.storyboard in Resources */ = {isa = PBXBuildFile; fileRef = AC648EA9217CF41100377686 /* LaunchScreen.storyboard */; };
		AC648EB4217D946B00377686 /* RealmModel.swift in Sources */ = {isa = PBXBuildFile; fileRef = AC648EB3217D946B00377686 /* RealmModel.swift */; };
		AC6DE1FE21A1CC9500DFD55B /* category_type_1.txt in Resources */ = {isa = PBXBuildFile; fileRef = AC6DE1FD21A1CC9500DFD55B /* category_type_1.txt */; };
		AC6DE20121A1CD2D00DFD55B /* String.swift in Sources */ = {isa = PBXBuildFile; fileRef = AC6DE20021A1CD2D00DFD55B /* String.swift */; };
		ACACFEF5222FC6CA002C27DB /* SettingViewController.swift in Sources */ = {isa = PBXBuildFile; fileRef = ACACFEF4222FC6CA002C27DB /* SettingViewController.swift */; };
		ACB326AA217DC67800BBAC32 /* NanumSquareExtraBold.ttf in Resources */ = {isa = PBXBuildFile; fileRef = ACB326A6217DC67600BBAC32 /* NanumSquareExtraBold.ttf */; };
		ACB326AB217DC67800BBAC32 /* NanumSquareLight.ttf in Resources */ = {isa = PBXBuildFile; fileRef = ACB326A7217DC67600BBAC32 /* NanumSquareLight.ttf */; };
		ACB326AC217DC67800BBAC32 /* NanumSquareBold.ttf in Resources */ = {isa = PBXBuildFile; fileRef = ACB326A8217DC67700BBAC32 /* NanumSquareBold.ttf */; };
		ACB326AD217DC67800BBAC32 /* NanumSquareRegular.ttf in Resources */ = {isa = PBXBuildFile; fileRef = ACB326A9217DC67800BBAC32 /* NanumSquareRegular.ttf */; };
		ACB326B0217DC7A900BBAC32 /* CheckListViewController.swift in Sources */ = {isa = PBXBuildFile; fileRef = ACB326AF217DC7A900BBAC32 /* CheckListViewController.swift */; };
		ACB326B5217DC96400BBAC32 /* CheckListTableViewCell.swift in Sources */ = {isa = PBXBuildFile; fileRef = ACB326B3217DC96400BBAC32 /* CheckListTableViewCell.swift */; };
		ACB326B6217DC96400BBAC32 /* CheckListTableViewCell.xib in Resources */ = {isa = PBXBuildFile; fileRef = ACB326B4217DC96400BBAC32 /* CheckListTableViewCell.xib */; };
		ACB326BA217DCDF800BBAC32 /* PageCollectionViewCell.swift in Sources */ = {isa = PBXBuildFile; fileRef = ACB326B8217DCDF800BBAC32 /* PageCollectionViewCell.swift */; };
		ACB326BB217DCDF800BBAC32 /* PageCollectionViewCell.xib in Resources */ = {isa = PBXBuildFile; fileRef = ACB326B9217DCDF800BBAC32 /* PageCollectionViewCell.xib */; };
		ACC30BDD22376CE6009D5B88 /* SettingCollectionReusableView.swift in Sources */ = {isa = PBXBuildFile; fileRef = ACC30BDC22376CE6009D5B88 /* SettingCollectionReusableView.swift */; };
		ACC30BE02237736E009D5B88 /* SettingTitleCollectionViewCell.swift in Sources */ = {isa = PBXBuildFile; fileRef = ACC30BDF2237736E009D5B88 /* SettingTitleCollectionViewCell.swift */; };
/* End PBXBuildFile section */

/* Begin PBXFileReference section */
		102D23F980CB468797CA582F /* Pods_BibleCheckList.framework */ = {isa = PBXFileReference; explicitFileType = wrapper.framework; includeInIndex = 0; path = Pods_BibleCheckList.framework; sourceTree = BUILT_PRODUCTS_DIR; };
		4B88AD719E9D0D0F9210D8A5 /* Pods-BibleCheckList.debug.xcconfig */ = {isa = PBXFileReference; includeInIndex = 1; lastKnownFileType = text.xcconfig; name = "Pods-BibleCheckList.debug.xcconfig"; path = "Pods/Target Support Files/Pods-BibleCheckList/Pods-BibleCheckList.debug.xcconfig"; sourceTree = "<group>"; };
		56E0D96AC03063F00AA2E47F /* Pods-BibleCheckList.release.xcconfig */ = {isa = PBXFileReference; includeInIndex = 1; lastKnownFileType = text.xcconfig; name = "Pods-BibleCheckList.release.xcconfig"; path = "Pods/Target Support Files/Pods-BibleCheckList/Pods-BibleCheckList.release.xcconfig"; sourceTree = "<group>"; };
		AC0443A321904E64000313EB /* RealmManager.swift */ = {isa = PBXFileReference; lastKnownFileType = sourcecode.swift; path = RealmManager.swift; sourceTree = "<group>"; };
		AC0443A6219113AD000313EB /* UIColor.swift */ = {isa = PBXFileReference; lastKnownFileType = sourcecode.swift; path = UIColor.swift; sourceTree = "<group>"; };
		AC1E1C2221A3A09300B72AED /* Bible.swift */ = {isa = PBXFileReference; lastKnownFileType = sourcecode.swift; path = Bible.swift; sourceTree = "<group>"; };
		AC541280223B3E12008A155E /* SettingViewModel.swift */ = {isa = PBXFileReference; lastKnownFileType = sourcecode.swift; path = SettingViewModel.swift; sourceTree = "<group>"; };
		AC541282223B4D6E008A155E /* SettingTitleViewModel.swift */ = {isa = PBXFileReference; lastKnownFileType = sourcecode.swift; path = SettingTitleViewModel.swift; sourceTree = "<group>"; };
		AC541284223BCC04008A155E /* BooksViewModel.swift */ = {isa = PBXFileReference; lastKnownFileType = sourcecode.swift; path = BooksViewModel.swift; sourceTree = "<group>"; };
		AC541286223BD687008A155E /* BookViewModel.swift */ = {isa = PBXFileReference; lastKnownFileType = sourcecode.swift; path = BookViewModel.swift; sourceTree = "<group>"; };
		AC648E9D217CF40D00377686 /* BibleCheckList.app */ = {isa = PBXFileReference; explicitFileType = wrapper.application; includeInIndex = 0; path = BibleCheckList.app; sourceTree = BUILT_PRODUCTS_DIR; };
		AC648EA0217CF40D00377686 /* AppDelegate.swift */ = {isa = PBXFileReference; lastKnownFileType = sourcecode.swift; path = AppDelegate.swift; sourceTree = "<group>"; };
		AC648EA5217CF40D00377686 /* Base */ = {isa = PBXFileReference; lastKnownFileType = file.storyboard; name = Base; path = Base.lproj/Main.storyboard; sourceTree = "<group>"; };
		AC648EA7217CF41100377686 /* Assets.xcassets */ = {isa = PBXFileReference; lastKnownFileType = folder.assetcatalog; path = Assets.xcassets; sourceTree = "<group>"; };
		AC648EAA217CF41100377686 /* Base */ = {isa = PBXFileReference; lastKnownFileType = file.storyboard; name = Base; path = Base.lproj/LaunchScreen.storyboard; sourceTree = "<group>"; };
		AC648EAC217CF41100377686 /* Info.plist */ = {isa = PBXFileReference; lastKnownFileType = text.plist.xml; path = Info.plist; sourceTree = "<group>"; };
		AC648EB3217D946B00377686 /* RealmModel.swift */ = {isa = PBXFileReference; lastKnownFileType = sourcecode.swift; path = RealmModel.swift; sourceTree = "<group>"; };
		AC6DE1FD21A1CC9500DFD55B /* category_type_1.txt */ = {isa = PBXFileReference; fileEncoding = 4; lastKnownFileType = text; path = category_type_1.txt; sourceTree = "<group>"; };
		AC6DE20021A1CD2D00DFD55B /* String.swift */ = {isa = PBXFileReference; lastKnownFileType = sourcecode.swift; path = String.swift; sourceTree = "<group>"; };
		ACACFEF4222FC6CA002C27DB /* SettingViewController.swift */ = {isa = PBXFileReference; lastKnownFileType = sourcecode.swift; path = SettingViewController.swift; sourceTree = "<group>"; };
		ACB326A6217DC67600BBAC32 /* NanumSquareExtraBold.ttf */ = {isa = PBXFileReference; lastKnownFileType = file; path = NanumSquareExtraBold.ttf; sourceTree = "<group>"; };
		ACB326A7217DC67600BBAC32 /* NanumSquareLight.ttf */ = {isa = PBXFileReference; lastKnownFileType = file; path = NanumSquareLight.ttf; sourceTree = "<group>"; };
		ACB326A8217DC67700BBAC32 /* NanumSquareBold.ttf */ = {isa = PBXFileReference; lastKnownFileType = file; path = NanumSquareBold.ttf; sourceTree = "<group>"; };
		ACB326A9217DC67800BBAC32 /* NanumSquareRegular.ttf */ = {isa = PBXFileReference; lastKnownFileType = file; path = NanumSquareRegular.ttf; sourceTree = "<group>"; };
		ACB326AF217DC7A900BBAC32 /* CheckListViewController.swift */ = {isa = PBXFileReference; lastKnownFileType = sourcecode.swift; path = CheckListViewController.swift; sourceTree = "<group>"; };
		ACB326B3217DC96400BBAC32 /* CheckListTableViewCell.swift */ = {isa = PBXFileReference; lastKnownFileType = sourcecode.swift; path = CheckListTableViewCell.swift; sourceTree = "<group>"; };
		ACB326B4217DC96400BBAC32 /* CheckListTableViewCell.xib */ = {isa = PBXFileReference; lastKnownFileType = file.xib; path = CheckListTableViewCell.xib; sourceTree = "<group>"; };
		ACB326B8217DCDF800BBAC32 /* PageCollectionViewCell.swift */ = {isa = PBXFileReference; lastKnownFileType = sourcecode.swift; path = PageCollectionViewCell.swift; sourceTree = "<group>"; };
		ACB326B9217DCDF800BBAC32 /* PageCollectionViewCell.xib */ = {isa = PBXFileReference; lastKnownFileType = file.xib; path = PageCollectionViewCell.xib; sourceTree = "<group>"; };
		ACC30BDC22376CE6009D5B88 /* SettingCollectionReusableView.swift */ = {isa = PBXFileReference; lastKnownFileType = sourcecode.swift; path = SettingCollectionReusableView.swift; sourceTree = "<group>"; };
		ACC30BDF2237736E009D5B88 /* SettingTitleCollectionViewCell.swift */ = {isa = PBXFileReference; lastKnownFileType = sourcecode.swift; path = SettingTitleCollectionViewCell.swift; sourceTree = "<group>"; };
/* End PBXFileReference section */

/* Begin PBXFrameworksBuildPhase section */
		AC648E9A217CF40D00377686 /* Frameworks */ = {
			isa = PBXFrameworksBuildPhase;
			buildActionMask = 2147483647;
			files = (
				16BAED64290360CBA15C6298 /* Pods_BibleCheckList.framework in Frameworks */,
			);
			runOnlyForDeploymentPostprocessing = 0;
		};
/* End PBXFrameworksBuildPhase section */

/* Begin PBXGroup section */
		A740531B796E1A95C3CD9331 /* Frameworks */ = {
			isa = PBXGroup;
			children = (
				102D23F980CB468797CA582F /* Pods_BibleCheckList.framework */,
			);
			name = Frameworks;
			sourceTree = "<group>";
		};
		AC0443A221904E0E000313EB /* Realm */ = {
			isa = PBXGroup;
			children = (
				AC1E1C2221A3A09300B72AED /* Bible.swift */,
				AC648EB3217D946B00377686 /* RealmModel.swift */,
				AC0443A321904E64000313EB /* RealmManager.swift */,
			);
			path = Realm;
			sourceTree = "<group>";
		};
		AC0443A521911362000313EB /* Resource */ = {
			isa = PBXGroup;
			children = (
				AC6DE1FD21A1CC9500DFD55B /* category_type_1.txt */,
				AC648EA7217CF41100377686 /* Assets.xcassets */,
				ACB326A5217DC65A00BBAC32 /* Fonts */,
			);
			path = Resource;
			sourceTree = "<group>";
		};
		AC541288223BE35B008A155E /* ViewModel */ = {
			isa = PBXGroup;
			children = (
				AC541284223BCC04008A155E /* BooksViewModel.swift */,
				AC541286223BD687008A155E /* BookViewModel.swift */,
				AC541280223B3E12008A155E /* SettingViewModel.swift */,
				AC541282223B4D6E008A155E /* SettingTitleViewModel.swift */,
			);
			path = ViewModel;
			sourceTree = "<group>";
		};
		AC648E94217CF40D00377686 = {
			isa = PBXGroup;
			children = (
				AC648E9F217CF40D00377686 /* BibleCheckList */,
				AC648E9E217CF40D00377686 /* Products */,
				AE3691AF70D03B6D6CB38374 /* Pods */,
				A740531B796E1A95C3CD9331 /* Frameworks */,
			);
			sourceTree = "<group>";
		};
		AC648E9E217CF40D00377686 /* Products */ = {
			isa = PBXGroup;
			children = (
				AC648E9D217CF40D00377686 /* BibleCheckList.app */,
			);
			name = Products;
			sourceTree = "<group>";
		};
		AC648E9F217CF40D00377686 /* BibleCheckList */ = {
			isa = PBXGroup;
			children = (
				AC6DE1FF21A1CD1200DFD55B /* Extension */,
				AC0443A521911362000313EB /* Resource */,
				AC0443A221904E0E000313EB /* Realm */,
				AC541288223BE35B008A155E /* ViewModel */,
				ACB326AE217DC77A00BBAC32 /* Controllers */,
				AC648EA0217CF40D00377686 /* AppDelegate.swift */,
				AC648EA4217CF40D00377686 /* Main.storyboard */,
				AC648EA9217CF41100377686 /* LaunchScreen.storyboard */,
				AC648EAC217CF41100377686 /* Info.plist */,
			);
			path = BibleCheckList;
			sourceTree = "<group>";
		};
		AC6DE1FF21A1CD1200DFD55B /* Extension */ = {
			isa = PBXGroup;
			children = (
				AC0443A6219113AD000313EB /* UIColor.swift */,
				AC6DE20021A1CD2D00DFD55B /* String.swift */,
			);
			path = Extension;
			sourceTree = "<group>";
		};
		ACACFEF3222FC69D002C27DB /* Setting */ = {
			isa = PBXGroup;
			children = (
				ACACFEF4222FC6CA002C27DB /* SettingViewController.swift */,
				ACC30BDE2237730F009D5B88 /* Cell */,
			);
			path = Setting;
			sourceTree = "<group>";
		};
		ACB326A5217DC65A00BBAC32 /* Fonts */ = {
			isa = PBXGroup;
			children = (
				ACB326A8217DC67700BBAC32 /* NanumSquareBold.ttf */,
				ACB326A6217DC67600BBAC32 /* NanumSquareExtraBold.ttf */,
				ACB326A7217DC67600BBAC32 /* NanumSquareLight.ttf */,
				ACB326A9217DC67800BBAC32 /* NanumSquareRegular.ttf */,
			);
			path = Fonts;
			sourceTree = "<group>";
		};
		ACB326AE217DC77A00BBAC32 /* Controllers */ = {
			isa = PBXGroup;
			children = (
				ACB326B1217DC92E00BBAC32 /* Home */,
				ACACFEF3222FC69D002C27DB /* Setting */,
			);
			path = Controllers;
			sourceTree = "<group>";
		};
		ACB326B1217DC92E00BBAC32 /* Home */ = {
			isa = PBXGroup;
			children = (
				ACB326AF217DC7A900BBAC32 /* CheckListViewController.swift */,
				ACB326B2217DC93900BBAC32 /* TableViewCell */,
			);
			path = Home;
			sourceTree = "<group>";
		};
		ACB326B2217DC93900BBAC32 /* TableViewCell */ = {
			isa = PBXGroup;
			children = (
				ACB326B3217DC96400BBAC32 /* CheckListTableViewCell.swift */,
				ACB326B4217DC96400BBAC32 /* CheckListTableViewCell.xib */,
				ACB326B7217DCDCA00BBAC32 /* CollectionViewCell */,
			);
			path = TableViewCell;
			sourceTree = "<group>";
		};
		ACB326B7217DCDCA00BBAC32 /* CollectionViewCell */ = {
			isa = PBXGroup;
			children = (
				ACB326B8217DCDF800BBAC32 /* PageCollectionViewCell.swift */,
				ACB326B9217DCDF800BBAC32 /* PageCollectionViewCell.xib */,
			);
			path = CollectionViewCell;
			sourceTree = "<group>";
		};
		ACC30BDE2237730F009D5B88 /* Cell */ = {
			isa = PBXGroup;
			children = (
				ACC30BDF2237736E009D5B88 /* SettingTitleCollectionViewCell.swift */,
				ACC30BDC22376CE6009D5B88 /* SettingCollectionReusableView.swift */,
			);
			path = Cell;
			sourceTree = "<group>";
		};
		AE3691AF70D03B6D6CB38374 /* Pods */ = {
			isa = PBXGroup;
			children = (
				4B88AD719E9D0D0F9210D8A5 /* Pods-BibleCheckList.debug.xcconfig */,
				56E0D96AC03063F00AA2E47F /* Pods-BibleCheckList.release.xcconfig */,
			);
			name = Pods;
			sourceTree = "<group>";
		};
/* End PBXGroup section */

/* Begin PBXNativeTarget section */
		AC648E9C217CF40D00377686 /* BibleCheckList */ = {
			isa = PBXNativeTarget;
			buildConfigurationList = AC648EAF217CF41100377686 /* Build configuration list for PBXNativeTarget "BibleCheckList" */;
			buildPhases = (
				BE5FA34BF6B8A2EDDF9ABFFA /* [CP] Check Pods Manifest.lock */,
				AC648E99217CF40D00377686 /* Sources */,
				AC648E9A217CF40D00377686 /* Frameworks */,
				AC648E9B217CF40D00377686 /* Resources */,
				CA73F55B6B8E8250E88F5D10 /* [CP] Embed Pods Frameworks */,
			);
			buildRules = (
			);
			dependencies = (
			);
			name = BibleCheckList;
			productName = BibleCheckList;
			productReference = AC648E9D217CF40D00377686 /* BibleCheckList.app */;
			productType = "com.apple.product-type.application";
		};
/* End PBXNativeTarget section */

/* Begin PBXProject section */
		AC648E95217CF40D00377686 /* Project object */ = {
			isa = PBXProject;
			attributes = {
				LastSwiftUpdateCheck = 1000;
				LastUpgradeCheck = 1000;
				ORGANIZATIONNAME = eunjin;
				TargetAttributes = {
					AC648E9C217CF40D00377686 = {
						CreatedOnToolsVersion = 10.0;
					};
				};
			};
			buildConfigurationList = AC648E98217CF40D00377686 /* Build configuration list for PBXProject "BibleCheckList" */;
			compatibilityVersion = "Xcode 9.3";
			developmentRegion = en;
			hasScannedForEncodings = 0;
			knownRegions = (
				en,
				Base,
			);
			mainGroup = AC648E94217CF40D00377686;
			productRefGroup = AC648E9E217CF40D00377686 /* Products */;
			projectDirPath = "";
			projectRoot = "";
			targets = (
				AC648E9C217CF40D00377686 /* BibleCheckList */,
			);
		};
/* End PBXProject section */

/* Begin PBXResourcesBuildPhase section */
		AC648E9B217CF40D00377686 /* Resources */ = {
			isa = PBXResourcesBuildPhase;
			buildActionMask = 2147483647;
			files = (
				ACB326B6217DC96400BBAC32 /* CheckListTableViewCell.xib in Resources */,
				AC648EAB217CF41100377686 /* LaunchScreen.storyboard in Resources */,
				ACB326AB217DC67800BBAC32 /* NanumSquareLight.ttf in Resources */,
				ACB326AA217DC67800BBAC32 /* NanumSquareExtraBold.ttf in Resources */,
				ACB326BB217DCDF800BBAC32 /* PageCollectionViewCell.xib in Resources */,
				ACB326AD217DC67800BBAC32 /* NanumSquareRegular.ttf in Resources */,
				AC648EA8217CF41100377686 /* Assets.xcassets in Resources */,
				ACB326AC217DC67800BBAC32 /* NanumSquareBold.ttf in Resources */,
				AC648EA6217CF40D00377686 /* Main.storyboard in Resources */,
				AC6DE1FE21A1CC9500DFD55B /* category_type_1.txt in Resources */,
			);
			runOnlyForDeploymentPostprocessing = 0;
		};
/* End PBXResourcesBuildPhase section */

/* Begin PBXShellScriptBuildPhase section */
		BE5FA34BF6B8A2EDDF9ABFFA /* [CP] Check Pods Manifest.lock */ = {
			isa = PBXShellScriptBuildPhase;
			buildActionMask = 2147483647;
			files = (
			);
			inputPaths = (
				"${PODS_PODFILE_DIR_PATH}/Podfile.lock",
				"${PODS_ROOT}/Manifest.lock",
			);
			name = "[CP] Check Pods Manifest.lock";
			outputPaths = (
				"$(DERIVED_FILE_DIR)/Pods-BibleCheckList-checkManifestLockResult.txt",
			);
			runOnlyForDeploymentPostprocessing = 0;
			shellPath = /bin/sh;
			shellScript = "diff \"${PODS_PODFILE_DIR_PATH}/Podfile.lock\" \"${PODS_ROOT}/Manifest.lock\" > /dev/null\nif [ $? != 0 ] ; then\n    # print error to STDERR\n    echo \"error: The sandbox is not in sync with the Podfile.lock. Run 'pod install' or update your CocoaPods installation.\" >&2\n    exit 1\nfi\n# This output is used by Xcode 'outputs' to avoid re-running this script phase.\necho \"SUCCESS\" > \"${SCRIPT_OUTPUT_FILE_0}\"\n";
			showEnvVarsInLog = 0;
		};
		CA73F55B6B8E8250E88F5D10 /* [CP] Embed Pods Frameworks */ = {
			isa = PBXShellScriptBuildPhase;
			buildActionMask = 2147483647;
			files = (
			);
			inputPaths = (
				"${SRCROOT}/Pods/Target Support Files/Pods-BibleCheckList/Pods-BibleCheckList-frameworks.sh",
				"${BUILT_PRODUCTS_DIR}/Differentiator/Differentiator.framework",
				"${BUILT_PRODUCTS_DIR}/Realm/Realm.framework",
				"${BUILT_PRODUCTS_DIR}/RealmSwift/RealmSwift.framework",
				"${BUILT_PRODUCTS_DIR}/RxAtomic/RxAtomic.framework",
				"${BUILT_PRODUCTS_DIR}/RxCocoa/RxCocoa.framework",
				"${BUILT_PRODUCTS_DIR}/RxDataSources/RxDataSources.framework",
				"${BUILT_PRODUCTS_DIR}/RxRealm/RxRealm.framework",
				"${BUILT_PRODUCTS_DIR}/RxSwift/RxSwift.framework",
			);
			name = "[CP] Embed Pods Frameworks";
			outputPaths = (
				"${TARGET_BUILD_DIR}/${FRAMEWORKS_FOLDER_PATH}/Differentiator.framework",
				"${TARGET_BUILD_DIR}/${FRAMEWORKS_FOLDER_PATH}/Realm.framework",
				"${TARGET_BUILD_DIR}/${FRAMEWORKS_FOLDER_PATH}/RealmSwift.framework",
				"${TARGET_BUILD_DIR}/${FRAMEWORKS_FOLDER_PATH}/RxAtomic.framework",
				"${TARGET_BUILD_DIR}/${FRAMEWORKS_FOLDER_PATH}/RxCocoa.framework",
				"${TARGET_BUILD_DIR}/${FRAMEWORKS_FOLDER_PATH}/RxDataSources.framework",
				"${TARGET_BUILD_DIR}/${FRAMEWORKS_FOLDER_PATH}/RxRealm.framework",
				"${TARGET_BUILD_DIR}/${FRAMEWORKS_FOLDER_PATH}/RxSwift.framework",
			);
			runOnlyForDeploymentPostprocessing = 0;
			shellPath = /bin/sh;
			shellScript = "\"${SRCROOT}/Pods/Target Support Files/Pods-BibleCheckList/Pods-BibleCheckList-frameworks.sh\"\n";
			showEnvVarsInLog = 0;
		};
/* End PBXShellScriptBuildPhase section */

/* Begin PBXSourcesBuildPhase section */
		AC648E99217CF40D00377686 /* Sources */ = {
			isa = PBXSourcesBuildPhase;
			buildActionMask = 2147483647;
			files = (
				ACB326B5217DC96400BBAC32 /* CheckListTableViewCell.swift in Sources */,
				AC0443A7219113AD000313EB /* UIColor.swift in Sources */,
				AC1E1C2321A3A09300B72AED /* Bible.swift in Sources */,
				AC541281223B3E12008A155E /* SettingViewModel.swift in Sources */,
				ACB326B0217DC7A900BBAC32 /* CheckListViewController.swift in Sources */,
				AC541287223BD687008A155E /* BookViewModel.swift in Sources */,
				ACB326BA217DCDF800BBAC32 /* PageCollectionViewCell.swift in Sources */,
				AC541283223B4D6E008A155E /* SettingTitleViewModel.swift in Sources */,
				ACACFEF5222FC6CA002C27DB /* SettingViewController.swift in Sources */,
				ACC30BE02237736E009D5B88 /* SettingTitleCollectionViewCell.swift in Sources */,
				AC648EB4217D946B00377686 /* RealmModel.swift in Sources */,
				AC0443A421904E64000313EB /* RealmManager.swift in Sources */,
				ACC30BDD22376CE6009D5B88 /* SettingCollectionReusableView.swift in Sources */,
				AC6DE20121A1CD2D00DFD55B /* String.swift in Sources */,
				AC541285223BCC04008A155E /* BooksViewModel.swift in Sources */,
				AC648EA1217CF40D00377686 /* AppDelegate.swift in Sources */,
			);
			runOnlyForDeploymentPostprocessing = 0;
		};
/* End PBXSourcesBuildPhase section */

/* Begin PBXVariantGroup section */
		AC648EA4217CF40D00377686 /* Main.storyboard */ = {
			isa = PBXVariantGroup;
			children = (
				AC648EA5217CF40D00377686 /* Base */,
			);
			name = Main.storyboard;
			sourceTree = "<group>";
		};
		AC648EA9217CF41100377686 /* LaunchScreen.storyboard */ = {
			isa = PBXVariantGroup;
			children = (
				AC648EAA217CF41100377686 /* Base */,
			);
			name = LaunchScreen.storyboard;
			sourceTree = "<group>";
		};
/* End PBXVariantGroup section */

/* Begin XCBuildConfiguration section */
		AC648EAD217CF41100377686 /* Debug */ = {
			isa = XCBuildConfiguration;
			buildSettings = {
				ALWAYS_SEARCH_USER_PATHS = NO;
				CLANG_ANALYZER_NONNULL = YES;
				CLANG_ANALYZER_NUMBER_OBJECT_CONVERSION = YES_AGGRESSIVE;
				CLANG_CXX_LANGUAGE_STANDARD = "gnu++14";
				CLANG_CXX_LIBRARY = "libc++";
				CLANG_ENABLE_MODULES = YES;
				CLANG_ENABLE_OBJC_ARC = YES;
				CLANG_ENABLE_OBJC_WEAK = YES;
				CLANG_WARN_BLOCK_CAPTURE_AUTORELEASING = YES;
				CLANG_WARN_BOOL_CONVERSION = YES;
				CLANG_WARN_COMMA = YES;
				CLANG_WARN_CONSTANT_CONVERSION = YES;
				CLANG_WARN_DEPRECATED_OBJC_IMPLEMENTATIONS = YES;
				CLANG_WARN_DIRECT_OBJC_ISA_USAGE = YES_ERROR;
				CLANG_WARN_DOCUMENTATION_COMMENTS = YES;
				CLANG_WARN_EMPTY_BODY = YES;
				CLANG_WARN_ENUM_CONVERSION = YES;
				CLANG_WARN_INFINITE_RECURSION = YES;
				CLANG_WARN_INT_CONVERSION = YES;
				CLANG_WARN_NON_LITERAL_NULL_CONVERSION = YES;
				CLANG_WARN_OBJC_IMPLICIT_RETAIN_SELF = YES;
				CLANG_WARN_OBJC_LITERAL_CONVERSION = YES;
				CLANG_WARN_OBJC_ROOT_CLASS = YES_ERROR;
				CLANG_WARN_RANGE_LOOP_ANALYSIS = YES;
				CLANG_WARN_STRICT_PROTOTYPES = YES;
				CLANG_WARN_SUSPICIOUS_MOVE = YES;
				CLANG_WARN_UNGUARDED_AVAILABILITY = YES_AGGRESSIVE;
				CLANG_WARN_UNREACHABLE_CODE = YES;
				CLANG_WARN__DUPLICATE_METHOD_MATCH = YES;
				CODE_SIGN_IDENTITY = "iPhone Developer";
				COPY_PHASE_STRIP = NO;
				DEBUG_INFORMATION_FORMAT = dwarf;
				ENABLE_STRICT_OBJC_MSGSEND = YES;
				ENABLE_TESTABILITY = YES;
				GCC_C_LANGUAGE_STANDARD = gnu11;
				GCC_DYNAMIC_NO_PIC = NO;
				GCC_NO_COMMON_BLOCKS = YES;
				GCC_OPTIMIZATION_LEVEL = 0;
				GCC_PREPROCESSOR_DEFINITIONS = (
					"DEBUG=1",
					"$(inherited)",
				);
				GCC_WARN_64_TO_32_BIT_CONVERSION = YES;
				GCC_WARN_ABOUT_RETURN_TYPE = YES_ERROR;
				GCC_WARN_UNDECLARED_SELECTOR = YES;
				GCC_WARN_UNINITIALIZED_AUTOS = YES_AGGRESSIVE;
				GCC_WARN_UNUSED_FUNCTION = YES;
				GCC_WARN_UNUSED_VARIABLE = YES;
				IPHONEOS_DEPLOYMENT_TARGET = 12.0;
				MTL_ENABLE_DEBUG_INFO = INCLUDE_SOURCE;
				MTL_FAST_MATH = YES;
				ONLY_ACTIVE_ARCH = YES;
				SDKROOT = iphoneos;
				SWIFT_ACTIVE_COMPILATION_CONDITIONS = DEBUG;
				SWIFT_OPTIMIZATION_LEVEL = "-Onone";
			};
			name = Debug;
		};
		AC648EAE217CF41100377686 /* Release */ = {
			isa = XCBuildConfiguration;
			buildSettings = {
				ALWAYS_SEARCH_USER_PATHS = NO;
				CLANG_ANALYZER_NONNULL = YES;
				CLANG_ANALYZER_NUMBER_OBJECT_CONVERSION = YES_AGGRESSIVE;
				CLANG_CXX_LANGUAGE_STANDARD = "gnu++14";
				CLANG_CXX_LIBRARY = "libc++";
				CLANG_ENABLE_MODULES = YES;
				CLANG_ENABLE_OBJC_ARC = YES;
				CLANG_ENABLE_OBJC_WEAK = YES;
				CLANG_WARN_BLOCK_CAPTURE_AUTORELEASING = YES;
				CLANG_WARN_BOOL_CONVERSION = YES;
				CLANG_WARN_COMMA = YES;
				CLANG_WARN_CONSTANT_CONVERSION = YES;
				CLANG_WARN_DEPRECATED_OBJC_IMPLEMENTATIONS = YES;
				CLANG_WARN_DIRECT_OBJC_ISA_USAGE = YES_ERROR;
				CLANG_WARN_DOCUMENTATION_COMMENTS = YES;
				CLANG_WARN_EMPTY_BODY = YES;
				CLANG_WARN_ENUM_CONVERSION = YES;
				CLANG_WARN_INFINITE_RECURSION = YES;
				CLANG_WARN_INT_CONVERSION = YES;
				CLANG_WARN_NON_LITERAL_NULL_CONVERSION = YES;
				CLANG_WARN_OBJC_IMPLICIT_RETAIN_SELF = YES;
				CLANG_WARN_OBJC_LITERAL_CONVERSION = YES;
				CLANG_WARN_OBJC_ROOT_CLASS = YES_ERROR;
				CLANG_WARN_RANGE_LOOP_ANALYSIS = YES;
				CLANG_WARN_STRICT_PROTOTYPES = YES;
				CLANG_WARN_SUSPICIOUS_MOVE = YES;
				CLANG_WARN_UNGUARDED_AVAILABILITY = YES_AGGRESSIVE;
				CLANG_WARN_UNREACHABLE_CODE = YES;
				CLANG_WARN__DUPLICATE_METHOD_MATCH = YES;
				CODE_SIGN_IDENTITY = "iPhone Developer";
				COPY_PHASE_STRIP = NO;
				DEBUG_INFORMATION_FORMAT = "dwarf-with-dsym";
				ENABLE_NS_ASSERTIONS = NO;
				ENABLE_STRICT_OBJC_MSGSEND = YES;
				GCC_C_LANGUAGE_STANDARD = gnu11;
				GCC_NO_COMMON_BLOCKS = YES;
				GCC_WARN_64_TO_32_BIT_CONVERSION = YES;
				GCC_WARN_ABOUT_RETURN_TYPE = YES_ERROR;
				GCC_WARN_UNDECLARED_SELECTOR = YES;
				GCC_WARN_UNINITIALIZED_AUTOS = YES_AGGRESSIVE;
				GCC_WARN_UNUSED_FUNCTION = YES;
				GCC_WARN_UNUSED_VARIABLE = YES;
				IPHONEOS_DEPLOYMENT_TARGET = 12.0;
				MTL_ENABLE_DEBUG_INFO = NO;
				MTL_FAST_MATH = YES;
				SDKROOT = iphoneos;
				SWIFT_COMPILATION_MODE = wholemodule;
				SWIFT_OPTIMIZATION_LEVEL = "-O";
				VALIDATE_PRODUCT = YES;
			};
			name = Release;
		};
		AC648EB0217CF41100377686 /* Debug */ = {
			isa = XCBuildConfiguration;
			baseConfigurationReference = 4B88AD719E9D0D0F9210D8A5 /* Pods-BibleCheckList.debug.xcconfig */;
			buildSettings = {
				ASSETCATALOG_COMPILER_APPICON_NAME = AppIcon;
				CODE_SIGN_IDENTITY = "iPhone Developer";
				CODE_SIGN_STYLE = Automatic;
				DEVELOPMENT_TEAM = 6C4YL9RLK7;
				INFOPLIST_FILE = BibleCheckList/Info.plist;
				IPHONEOS_DEPLOYMENT_TARGET = 11.0;
				LD_RUNPATH_SEARCH_PATHS = (
					"$(inherited)",
					"@executable_path/Frameworks",
				);
				PRODUCT_BUNDLE_IDENTIFIER = eunjin.BibleCheckList;
				PRODUCT_NAME = "$(TARGET_NAME)";
				PROVISIONING_PROFILE_SPECIFIER = "";
				SWIFT_VERSION = 4.2;
				TARGETED_DEVICE_FAMILY = "1,2";
			};
			name = Debug;
		};
		AC648EB1217CF41100377686 /* Release */ = {
			isa = XCBuildConfiguration;
			baseConfigurationReference = 56E0D96AC03063F00AA2E47F /* Pods-BibleCheckList.release.xcconfig */;
			buildSettings = {
				ASSETCATALOG_COMPILER_APPICON_NAME = AppIcon;
				CODE_SIGN_IDENTITY = "iPhone Developer";
				CODE_SIGN_STYLE = Automatic;
				DEVELOPMENT_TEAM = 6C4YL9RLK7;
				INFOPLIST_FILE = BibleCheckList/Info.plist;
				IPHONEOS_DEPLOYMENT_TARGET = 11.0;
				LD_RUNPATH_SEARCH_PATHS = (
					"$(inherited)",
					"@executable_path/Frameworks",
				);
				PRODUCT_BUNDLE_IDENTIFIER = eunjin.BibleCheckList;
				PRODUCT_NAME = "$(TARGET_NAME)";
				PROVISIONING_PROFILE_SPECIFIER = "";
				SWIFT_VERSION = 4.2;
				TARGETED_DEVICE_FAMILY = "1,2";
			};
			name = Release;
		};
/* End XCBuildConfiguration section */

/* Begin XCConfigurationList section */
		AC648E98217CF40D00377686 /* Build configuration list for PBXProject "BibleCheckList" */ = {
			isa = XCConfigurationList;
			buildConfigurations = (
				AC648EAD217CF41100377686 /* Debug */,
				AC648EAE217CF41100377686 /* Release */,
			);
			defaultConfigurationIsVisible = 0;
			defaultConfigurationName = Release;
		};
		AC648EAF217CF41100377686 /* Build configuration list for PBXNativeTarget "BibleCheckList" */ = {
			isa = XCConfigurationList;
			buildConfigurations = (
				AC648EB0217CF41100377686 /* Debug */,
				AC648EB1217CF41100377686 /* Release */,
			);
			defaultConfigurationIsVisible = 0;
			defaultConfigurationName = Release;
		};
/* End XCConfigurationList section */
	};
	rootObject = AC648E95217CF40D00377686 /* Project object */;
}
